{
  "name": "dash",
  "version": "0.0.1",
  "dependencies": {
    "karma-chrome-launcher": {
      "version": "0.1.2",
      "from": "karma-chrome-launcher@*"
    },
    "karma-firefox-launcher": {
      "version": "0.1.3",
      "from": "karma-firefox-launcher@*"
    },
    "karma-html2js-preprocessor": {
      "version": "0.1.0",
      "from": "karma-html2js-preprocessor@*"
    },
    "karma-requirejs": {
      "version": "0.2.1",
      "from": "karma-requirejs@*"
    },
    "requirejs": {
      "version": "2.1.10",
      "from": "requirejs@~2.1"
    },
    "karma-script-launcher": {
      "version": "0.1.0",
      "from": "karma-script-launcher@*"
    },
    "karma-coffee-preprocessor": {
      "version": "0.1.2",
      "from": "karma-coffee-preprocessor@*",
      "dependencies": {
        "coffee-script": {
          "version": "1.6.3",
          "from": "coffee-script@1.6.3"
        }
      }
    },
    "karma-phantomjs-launcher": {
      "version": "0.1.1",
      "from": "karma-phantomjs-launcher@*",
      "dependencies": {
        "phantomjs": {
          "version": "1.9.7-1",
          "from": "phantomjs@~1.9",
          "dependencies": {
            "adm-zip": {
              "version": "0.2.1",
              "from": "adm-zip@0.2.1"
            },
            "kew": {
              "version": "0.1.7",
              "from": "kew@~0.1.7"
            },
            "ncp": {
              "version": "0.4.2",
              "from": "ncp@0.4.2"
            },
            "npmconf": {
              "version": "0.0.24",
              "from": "npmconf@0.0.24",
              "dependencies": {
                "config-chain": {
                  "version": "1.1.8",
                  "from": "config-chain@~1.1.1",
                  "dependencies": {
                    "proto-list": {
                      "version": "1.2.2",
                      "from": "proto-list@~1.2.1"
                    }
                  }
                },
                "inherits": {
                  "version": "1.0.0",
                  "from": "inherits@~1.0.0"
                },
                "once": {
                  "version": "1.1.1",
                  "from": "once@~1.1.1"
                },
                "osenv": {
                  "version": "0.0.3",
                  "from": "osenv@0.0.3"
                },
                "nopt": {
                  "version": "2.1.2",
                  "from": "nopt@2",
                  "dependencies": {
                    "abbrev": {
                      "version": "1.0.4",
                      "from": "abbrev@1"
                    }
                  }
                },
                "semver": {
                  "version": "1.1.4",
                  "from": "semver@~1.1.0"
                },
                "ini": {
                  "version": "1.1.0",
                  "from": "ini@~1.1.0"
                }
              }
            },
            "mkdirp": {
              "version": "0.3.5",
              "from": "mkdirp@0.3.5"
            },
            "rimraf": {
              "version": "2.2.6",
              "from": "rimraf@~2.2.2"
            },
            "which": {
              "version": "1.0.5",
              "from": "which@~1.0.5"
            }
          }
        }
      }
    }
  }
}
